
Microsoft Visual Studio Solution File, Format Version 12.00
# Visual Studio 15
VisualStudioVersion = 15.0.27130.2026
MinimumVisualStudioVersion = 10.0.40219.1
Project("{888888A0-9F3D-457C-B088-3A5042F75D52}") = "spamclassifier", "spamclassifier\spamclassifier.pyproj", "{0118CD26-A41E-4024-B1F0-C4D3E740579E}"
EndProject
Global
	GlobalSection(SolutionConfigurationPlatforms) = preSolution
		Debug|Any CPU = Debug|Any CPU
		Release|Any CPU = Release|Any CPU
	EndGlobalSection
	GlobalSection(ProjectConfigurationPlatforms) = postSolution
		{0118CD26-A41E-4024-B1F0-C4D3E740579E}.Debug|Any CPU.ActiveCfg = Debug|Any CPU
		{0118CD26-A41E-4024-B1F0-C4D3E740579E}.Release|Any CPU.ActiveCfg = Release|Any CPU
	EndGlobalSection
	GlobalSection(SolutionProperties) = preSolution
		HideSolutionNode = FALSE
	EndGlobalSection
	GlobalSection(ExtensibilityGlobals) = postSolution
		SolutionGuid = {FD95B589-6784-443C-BFCD-494C3BF91052}
	EndGlobalSection
EndGlobal
